// !$*UTF8*$!
{
	archiveVersion = 1;
	classes = {
	};
	objectVersion = 50;
	objects = {

/* Begin PBXBuildFile section */
		CCC1BFC426364F92009C9DC8 /* AppDelegate.swift in Sources */ = {isa = PBXBuildFile; fileRef = CCC1BFC326364F92009C9DC8 /* AppDelegate.swift */; };
		CCC1BFC726364F92009C9DC8 /* Main.storyboard in Resources */ = {isa = PBXBuildFile; fileRef = CCC1BFC526364F92009C9DC8 /* Main.storyboard */; };
		CCC1BFC926364F92009C9DC8 /* ViewController.swift in Sources */ = {isa = PBXBuildFile; fileRef = CCC1BFC826364F92009C9DC8 /* ViewController.swift */; };
		CCC1BFCB26364F94009C9DC8 /* Assets.xcassets in Resources */ = {isa = PBXBuildFile; fileRef = CCC1BFCA26364F94009C9DC8 /* Assets.xcassets */; };
		CCC1BFD226364F94009C9DC8 /* every website Extension.appex in Embed App Extensions */ = {isa = PBXBuildFile; fileRef = CCC1BFD126364F94009C9DC8 /* every website Extension.appex */; settings = {ATTRIBUTES = (RemoveHeadersOnCopy, ); }; };
		CCC1BFD726364F94009C9DC8 /* Cocoa.framework in Frameworks */ = {isa = PBXBuildFile; fileRef = CCC1BFD626364F94009C9DC8 /* Cocoa.framework */; };
		CCC1BFDA26364F94009C9DC8 /* SafariWebExtensionHandler.swift in Sources */ = {isa = PBXBuildFile; fileRef = CCC1BFD926364F94009C9DC8 /* SafariWebExtensionHandler.swift */; };
/* End PBXBuildFile section */

/* Begin PBXContainerItemProxy section */
		CCC1BFD326364F94009C9DC8 /* PBXContainerItemProxy */ = {
			isa = PBXContainerItemProxy;
			containerPortal = CCC1BFB726364F92009C9DC8 /* Project object */;
			proxyType = 1;
			remoteGlobalIDString = CCC1BFD026364F94009C9DC8;
			remoteInfo = "every website Extension";
		};
/* End PBXContainerItemProxy section */

/* Begin PBXCopyFilesBuildPhase section */
		CCC1BFE226364F94009C9DC8 /* Embed App Extensions */ = {
			isa = PBXCopyFilesBuildPhase;
			buildActionMask = 2147483647;
			dstPath = "";
			dstSubfolderSpec = 13;
			files = (
				CCC1BFD226364F94009C9DC8 /* every website Extension.appex in Embed App Extensions */,
			);
			name = "Embed App Extensions";
			runOnlyForDeploymentPostprocessing = 0;
		};
/* End PBXCopyFilesBuildPhase section */

/* Begin PBXFileReference section */
		CCC1BFBF26364F92009C9DC8 /* every website.app */ = {isa = PBXFileReference; explicitFileType = wrapper.application; includeInIndex = 0; path = "every website.app"; sourceTree = BUILT_PRODUCTS_DIR; };
		CCC1BFC226364F92009C9DC8 /* every_website.entitlements */ = {isa = PBXFileReference; lastKnownFileType = text.plist.entitlements; path = every_website.entitlements; sourceTree = "<group>"; };
		CCC1BFC326364F92009C9DC8 /* AppDelegate.swift */ = {isa = PBXFileReference; lastKnownFileType = sourcecode.swift; path = AppDelegate.swift; sourceTree = "<group>"; };
		CCC1BFC626364F92009C9DC8 /* Base */ = {isa = PBXFileReference; lastKnownFileType = file.storyboard; name = Base; path = Base.lproj/Main.storyboard; sourceTree = "<group>"; };
		CCC1BFC826364F92009C9DC8 /* ViewController.swift */ = {isa = PBXFileReference; lastKnownFileType = sourcecode.swift; path = ViewController.swift; sourceTree = "<group>"; };
		CCC1BFCA26364F94009C9DC8 /* Assets.xcassets */ = {isa = PBXFileReference; lastKnownFileType = folder.assetcatalog; path = Assets.xcassets; sourceTree = "<group>"; };
		CCC1BFCC26364F94009C9DC8 /* Info.plist */ = {isa = PBXFileReference; lastKnownFileType = text.plist.xml; path = Info.plist; sourceTree = "<group>"; };
		CCC1BFD126364F94009C9DC8 /* every website Extension.appex */ = {isa = PBXFileReference; explicitFileType = "wrapper.app-extension"; includeInIndex = 0; path = "every website Extension.appex"; sourceTree = BUILT_PRODUCTS_DIR; };
		CCC1BFD626364F94009C9DC8 /* Cocoa.framework */ = {isa = PBXFileReference; lastKnownFileType = wrapper.framework; name = Cocoa.framework; path = System/Library/Frameworks/Cocoa.framework; sourceTree = SDKROOT; };
		CCC1BFD926364F94009C9DC8 /* SafariWebExtensionHandler.swift */ = {isa = PBXFileReference; lastKnownFileType = sourcecode.swift; path = SafariWebExtensionHandler.swift; sourceTree = "<group>"; };
		CCC1BFDB26364F94009C9DC8 /* Info.plist */ = {isa = PBXFileReference; lastKnownFileType = text.plist.xml; path = Info.plist; sourceTree = "<group>"; };
		CCC1BFDC26364F94009C9DC8 /* every_website_Extension.entitlements */ = {isa = PBXFileReference; lastKnownFileType = text.plist.entitlements; path = every_website_Extension.entitlements; sourceTree = "<group>"; };
/* End PBXFileReference section */

/* Begin PBXFrameworksBuildPhase section */
		CCC1BFBC26364F92009C9DC8 /* Frameworks */ = {
			isa = PBXFrameworksBuildPhase;
			buildActionMask = 2147483647;
			files = (
			);
			runOnlyForDeploymentPostprocessing = 0;
		};
		CCC1BFCE26364F94009C9DC8 /* Frameworks */ = {
			isa = PBXFrameworksBuildPhase;
			buildActionMask = 2147483647;
			files = (
				CCC1BFD726364F94009C9DC8 /* Cocoa.framework in Frameworks */,
			);
			runOnlyForDeploymentPostprocessing = 0;
		};
/* End PBXFrameworksBuildPhase section */

/* Begin PBXGroup section */
		CCC1BFB626364F92009C9DC8 = {
			isa = PBXGroup;
			children = (
				CCC1BFC126364F92009C9DC8 /* every website */,
				CCC1BFD826364F94009C9DC8 /* every website Extension */,
				CCC1BFD526364F94009C9DC8 /* Frameworks */,
				CCC1BFC026364F92009C9DC8 /* Products */,
			);
			sourceTree = "<group>";
		};
		CCC1BFC026364F92009C9DC8 /* Products */ = {
			isa = PBXGroup;
			children = (
				CCC1BFBF26364F92009C9DC8 /* every website.app */,
				CCC1BFD126364F94009C9DC8 /* every website Extension.appex */,
			);
			name = Products;
			sourceTree = "<group>";
		};
		CCC1BFC126364F92009C9DC8 /* every website */ = {
			isa = PBXGroup;
			children = (
				CCC1BFC226364F92009C9DC8 /* every_website.entitlements */,
				CCC1BFC326364F92009C9DC8 /* AppDelegate.swift */,
				CCC1BFC526364F92009C9DC8 /* Main.storyboard */,
				CCC1BFC826364F92009C9DC8 /* ViewController.swift */,
				CCC1BFCA26364F94009C9DC8 /* Assets.xcassets */,
				CCC1BFCC26364F94009C9DC8 /* Info.plist */,
			);
			path = "every website";
			sourceTree = "<group>";
		};
		CCC1BFD526364F94009C9DC8 /* Frameworks */ = {
			isa = PBXGroup;
			children = (
				CCC1BFD626364F94009C9DC8 /* Cocoa.framework */,
			);
			name = Frameworks;
			sourceTree = "<group>";
		};
		CCC1BFD826364F94009C9DC8 /* every website Extension */ = {
			isa = PBXGroup;
			children = (
				CCC1BFD926364F94009C9DC8 /* SafariWebExtensionHandler.swift */,
				CCC1BFDB26364F94009C9DC8 /* Info.plist */,
				CCC1BFDC26364F94009C9DC8 /* every_website_Extension.entitlements */,
			);
			path = "every website Extension";
			sourceTree = "<group>";
		};
/* End PBXGroup section */

/* Begin PBXNativeTarget section */
		CCC1BFBE26364F92009C9DC8 /* every website */ = {
			isa = PBXNativeTarget;
			buildConfigurationList = CCC1BFE326364F94009C9DC8 /* Build configuration list for PBXNativeTarget "every website" */;
			buildPhases = (
				CCC1BFBB26364F92009C9DC8 /* Sources */,
				CCC1BFBC26364F92009C9DC8 /* Frameworks */,
				CCC1BFBD26364F92009C9DC8 /* Resources */,
				CCC1BFE226364F94009C9DC8 /* Embed App Extensions */,
			);
			buildRules = (
			);
			dependencies = (
				CCC1BFD426364F94009C9DC8 /* PBXTargetDependency */,
			);
			name = "every website";
			productName = "every website";
			productReference = CCC1BFBF26364F92009C9DC8 /* every website.app */;
			productType = "com.apple.product-type.application";
		};
		CCC1BFD026364F94009C9DC8 /* every website Extension */ = {
			isa = PBXNativeTarget;
			buildConfigurationList = CCC1BFDF26364F94009C9DC8 /* Build configuration list for PBXNativeTarget "every website Extension" */;
			buildPhases = (
				CCC1BFCD26364F94009C9DC8 /* Sources */,
				CCC1BFCE26364F94009C9DC8 /* Frameworks */,
				CCC1BFCF26364F94009C9DC8 /* Resources */,
			);
			buildRules = (
			);
			dependencies = (
			);
			name = "every website Extension";
			productName = "every website Extension";
			productReference = CCC1BFD126364F94009C9DC8 /* every website Extension.appex */;
			productType = "com.apple.product-type.app-extension";
		};
/* End PBXNativeTarget section */

/* Begin PBXProject section */
		CCC1BFB726364F92009C9DC8 /* Project object */ = {
			isa = PBXProject;
			attributes = {
				LastSwiftUpdateCheck = 1240;
				LastUpgradeCheck = 1240;
				TargetAttributes = {
					CCC1BFBE26364F92009C9DC8 = {
						CreatedOnToolsVersion = 12.4;
					};
					CCC1BFD026364F94009C9DC8 = {
						CreatedOnToolsVersion = 12.4;
					};
				};
			};
			buildConfigurationList = CCC1BFBA26364F92009C9DC8 /* Build configuration list for PBXProject "every website" */;
			compatibilityVersion = "Xcode 9.3";
			developmentRegion = en;
			hasScannedForEncodings = 0;
			knownRegions = (
				en,
				Base,
			);
			mainGroup = CCC1BFB626364F92009C9DC8;
			productRefGroup = CCC1BFC026364F92009C9DC8 /* Products */;
			projectDirPath = "";
			projectRoot = "";
			targets = (
				CCC1BFBE26364F92009C9DC8 /* every website */,
				CCC1BFD026364F94009C9DC8 /* every website Extension */,
			);
		};
/* End PBXProject section */

/* Begin PBXResourcesBuildPhase section */
		CCC1BFBD26364F92009C9DC8 /* Resources */ = {
			isa = PBXResourcesBuildPhase;
			buildActionMask = 2147483647;
			files = (
				CCC1BFCB26364F94009C9DC8 /* Assets.xcassets in Resources */,
				CCC1BFC726364F92009C9DC8 /* Main.storyboard in Resources */,
			);
			runOnlyForDeploymentPostprocessing = 0;
		};
		CCC1BFCF26364F94009C9DC8 /* Resources */ = {
			isa = PBXResourcesBuildPhase;
			buildActionMask = 2147483647;
			files = (
			);
			runOnlyForDeploymentPostprocessing = 0;
		};
/* End PBXResourcesBuildPhase section */

/* Begin PBXSourcesBuildPhase section */
		CCC1BFBB26364F92009C9DC8 /* Sources */ = {
			isa = PBXSourcesBuildPhase;
			buildActionMask = 2147483647;
			files = (
				CCC1BFC926364F92009C9DC8 /* ViewController.swift in Sources */,
				CCC1BFC426364F92009C9DC8 /* AppDelegate.swift in Sources */,
			);
			runOnlyForDeploymentPostprocessing = 0;
		};
		CCC1BFCD26364F94009C9DC8 /* Sources */ = {
			isa = PBXSourcesBuildPhase;
			buildActionMask = 2147483647;
			files = (
				CCC1BFDA26364F94009C9DC8 /* SafariWebExtensionHandler.swift in Sources */,
			);
			runOnlyForDeploymentPostprocessing = 0;
		};
/* End PBXSourcesBuildPhase section */

/* Begin PBXTargetDependency section */
		CCC1BFD426364F94009C9DC8 /* PBXTargetDependency */ = {
			isa = PBXTargetDependency;
			target = CCC1BFD026364F94009C9DC8 /* every website Extension */;
			targetProxy = CCC1BFD326364F94009C9DC8 /* PBXContainerItemProxy */;
		};
/* End PBXTargetDependency section */

/* Begin PBXVariantGroup section */
		CCC1BFC526364F92009C9DC8 /* Main.storyboard */ = {
			isa = PBXVariantGroup;
			children = (
				CCC1BFC626364F92009C9DC8 /* Base */,
			);
			name = Main.storyboard;
			sourceTree = "<group>";
		};
/* End PBXVariantGroup section */

/* Begin XCBuildConfiguration section */
		CCC1BFDD26364F94009C9DC8 /* Debug */ = {
			isa = XCBuildConfiguration;
			buildSettings = {
				ALWAYS_SEARCH_USER_PATHS = NO;
				CLANG_ANALYZER_NONNULL = YES;
				CLANG_ANALYZER_NUMBER_OBJECT_CONVERSION = YES_AGGRESSIVE;
				CLANG_CXX_LANGUAGE_STANDARD = "gnu++14";
				CLANG_CXX_LIBRARY = "libc++";
				CLANG_ENABLE_MODULES = YES;
				CLANG_ENABLE_OBJC_ARC = YES;
				CLANG_ENABLE_OBJC_WEAK = YES;
				CLANG_WARN_BLOCK_CAPTURE_AUTORELEASING = YES;
				CLANG_WARN_BOOL_CONVERSION = YES;
				CLANG_WARN_COMMA = YES;
				CLANG_WARN_CONSTANT_CONVERSION = YES;
				CLANG_WARN_DEPRECATED_OBJC_IMPLEMENTATIONS = YES;
				CLANG_WARN_DIRECT_OBJC_ISA_USAGE = YES_ERROR;
				CLANG_WARN_DOCUMENTATION_COMMENTS = YES;
				CLANG_WARN_EMPTY_BODY = YES;
				CLANG_WARN_ENUM_CONVERSION = YES;
				CLANG_WARN_INFINITE_RECURSION = YES;
				CLANG_WARN_INT_CONVERSION = YES;
				CLANG_WARN_NON_LITERAL_NULL_CONVERSION = YES;
				CLANG_WARN_OBJC_IMPLICIT_RETAIN_SELF = YES;
				CLANG_WARN_OBJC_LITERAL_CONVERSION = YES;
				CLANG_WARN_OBJC_ROOT_CLASS = YES_ERROR;
				CLANG_WARN_QUOTED_INCLUDE_IN_FRAMEWORK_HEADER = YES;
				CLANG_WARN_RANGE_LOOP_ANALYSIS = YES;
				CLANG_WARN_STRICT_PROTOTYPES = YES;
				CLANG_WARN_SUSPICIOUS_MOVE = YES;
				CLANG_WARN_UNGUARDED_AVAILABILITY = YES_AGGRESSIVE;
				CLANG_WARN_UNREACHABLE_CODE = YES;
				CLANG_WARN__DUPLICATE_METHOD_MATCH = YES;
				COPY_PHASE_STRIP = NO;
				DEBUG_INFORMATION_FORMAT = dwarf;
				ENABLE_STRICT_OBJC_MSGSEND = YES;
				ENABLE_TESTABILITY = YES;
				GCC_C_LANGUAGE_STANDARD = gnu11;
				GCC_DYNAMIC_NO_PIC = NO;
				GCC_NO_COMMON_BLOCKS = YES;
				GCC_OPTIMIZATION_LEVEL = 0;
				GCC_PREPROCESSOR_DEFINITIONS = (
					"DEBUG=1",
					"$(inherited)",
				);
				GCC_WARN_64_TO_32_BIT_CONVERSION = YES;
				GCC_WARN_ABOUT_RETURN_TYPE = YES_ERROR;
				GCC_WARN_UNDECLARED_SELECTOR = YES;
				GCC_WARN_UNINITIALIZED_AUTOS = YES_AGGRESSIVE;
				GCC_WARN_UNUSED_FUNCTION = YES;
				GCC_WARN_UNUSED_VARIABLE = YES;
				MACOSX_DEPLOYMENT_TARGET = 11.1;
				MTL_ENABLE_DEBUG_INFO = INCLUDE_SOURCE;
				MTL_FAST_MATH = YES;
				ONLY_ACTIVE_ARCH = YES;
				SDKROOT = macosx;
				SWIFT_ACTIVE_COMPILATION_CONDITIONS = DEBUG;
				SWIFT_OPTIMIZATION_LEVEL = "-Onone";
			};
			name = Debug;
		};
		CCC1BFDE26364F94009C9DC8 /* Release */ = {
			isa = XCBuildConfiguration;
			buildSettings = {
				ALWAYS_SEARCH_USER_PATHS = NO;
				CLANG_ANALYZER_NONNULL = YES;
				CLANG_ANALYZER_NUMBER_OBJECT_CONVERSION = YES_AGGRESSIVE;
				CLANG_CXX_LANGUAGE_STANDARD = "gnu++14";
				CLANG_CXX_LIBRARY = "libc++";
				CLANG_ENABLE_MODULES = YES;
				CLANG_ENABLE_OBJC_ARC = YES;
				CLANG_ENABLE_OBJC_WEAK = YES;
				CLANG_WARN_BLOCK_CAPTURE_AUTORELEASING = YES;
				CLANG_WARN_BOOL_CONVERSION = YES;
				CLANG_WARN_COMMA = YES;
				CLANG_WARN_CONSTANT_CONVERSION = YES;
				CLANG_WARN_DEPRECATED_OBJC_IMPLEMENTATIONS = YES;
				CLANG_WARN_DIRECT_OBJC_ISA_USAGE = YES_ERROR;
				CLANG_WARN_DOCUMENTATION_COMMENTS = YES;
				CLANG_WARN_EMPTY_BODY = YES;
				CLANG_WARN_ENUM_CONVERSION = YES;
				CLANG_WARN_INFINITE_RECURSION = YES;
				CLANG_WARN_INT_CONVERSION = YES;
				CLANG_WARN_NON_LITERAL_NULL_CONVERSION = YES;
				CLANG_WARN_OBJC_IMPLICIT_RETAIN_SELF = YES;
				CLANG_WARN_OBJC_LITERAL_CONVERSION = YES;
				CLANG_WARN_OBJC_ROOT_CLASS = YES_ERROR;
				CLANG_WARN_QUOTED_INCLUDE_IN_FRAMEWORK_HEADER = YES;
				CLANG_WARN_RANGE_LOOP_ANALYSIS = YES;
				CLANG_WARN_STRICT_PROTOTYPES = YES;
				CLANG_WARN_SUSPICIOUS_MOVE = YES;
				CLANG_WARN_UNGUARDED_AVAILABILITY = YES_AGGRESSIVE;
				CLANG_WARN_UNREACHABLE_CODE = YES;
				CLANG_WARN__DUPLICATE_METHOD_MATCH = YES;
				COPY_PHASE_STRIP = NO;
				DEBUG_INFORMATION_FORMAT = "dwarf-with-dsym";
				ENABLE_NS_ASSERTIONS = NO;
				ENABLE_STRICT_OBJC_MSGSEND = YES;
				GCC_C_LANGUAGE_STANDARD = gnu11;
				GCC_NO_COMMON_BLOCKS = YES;
				GCC_WARN_64_TO_32_BIT_CONVERSION = YES;
				GCC_WARN_ABOUT_RETURN_TYPE = YES_ERROR;
				GCC_WARN_UNDECLARED_SELECTOR = YES;
				GCC_WARN_UNINITIALIZED_AUTOS = YES_AGGRESSIVE;
				GCC_WARN_UNUSED_FUNCTION = YES;
				GCC_WARN_UNUSED_VARIABLE = YES;
				MACOSX_DEPLOYMENT_TARGET = 11.1;
				MTL_ENABLE_DEBUG_INFO = NO;
				MTL_FAST_MATH = YES;
				SDKROOT = macosx;
				SWIFT_COMPILATION_MODE = wholemodule;
				SWIFT_OPTIMIZATION_LEVEL = "-O";
			};
			name = Release;
		};
		CCC1BFE026364F94009C9DC8 /* Debug */ = {
			isa = XCBuildConfiguration;
			buildSettings = {
				CODE_SIGN_ENTITLEMENTS = "every website Extension/every_website_Extension.entitlements";
				CODE_SIGN_STYLE = Automatic;
				INFOPLIST_FILE = "every website Extension/Info.plist";
				LD_RUNPATH_SEARCH_PATHS = (
					"$(inherited)",
					"@executable_path/../Frameworks",
					"@executable_path/../../../../Frameworks",
				);
				MACOSX_DEPLOYMENT_TARGET = 10.14;
				PRODUCT_BUNDLE_IDENTIFIER = "com.yourCompany.every-website.Extension";
				PRODUCT_NAME = "$(TARGET_NAME)";
				SKIP_INSTALL = YES;
				SWIFT_VERSION = 5.0;
			};
			name = Debug;
		};
		CCC1BFE126364F94009C9DC8 /* Release */ = {
			isa = XCBuildConfiguration;
			buildSettings = {
				CODE_SIGN_ENTITLEMENTS = "every website Extension/every_website_Extension.entitlements";
				CODE_SIGN_STYLE = Automatic;
				INFOPLIST_FILE = "every website Extension/Info.plist";
				LD_RUNPATH_SEARCH_PATHS = (
					"$(inherited)",
					"@executable_path/../Frameworks",
					"@executable_path/../../../../Frameworks",
				);
				MACOSX_DEPLOYMENT_TARGET = 10.14;
				PRODUCT_BUNDLE_IDENTIFIER = "com.yourCompany.every-website.Extension";
				PRODUCT_NAME = "$(TARGET_NAME)";
				SKIP_INSTALL = YES;
				SWIFT_VERSION = 5.0;
			};
			name = Release;
		};
		CCC1BFE426364F94009C9DC8 /* Debug */ = {
			isa = XCBuildConfiguration;
			buildSettings = {
				ALWAYS_EMBED_SWIFT_STANDARD_LIBRARIES = YES;
				ASSETCATALOG_COMPILER_APPICON_NAME = AppIcon;
				ASSETCATALOG_COMPILER_GLOBAL_ACCENT_COLOR_NAME = AccentColor;
				CODE_SIGN_ENTITLEMENTS = "every website/every_website.entitlements";
				CODE_SIGN_STYLE = Automatic;
				COMBINE_HIDPI_IMAGES = YES;
				INFOPLIST_FILE = "every website/Info.plist";
				LD_RUNPATH_SEARCH_PATHS = (
					"$(inherited)",
					"@executable_path/../Frameworks",
				);
				MACOSX_DEPLOYMENT_TARGET = 10.14;
				PRODUCT_BUNDLE_IDENTIFIER = "com.yourCompany.every-website";
				PRODUCT_NAME = "$(TARGET_NAME)";
				SWIFT_VERSION = 5.0;
			};
			name = Debug;
		};
		CCC1BFE526364F94009C9DC8 /* Release */ = {
			isa = XCBuildConfiguration;
			buildSettings = {
				ALWAYS_EMBED_SWIFT_STANDARD_LIBRARIES = YES;
				ASSETCATALOG_COMPILER_APPICON_NAME = AppIcon;
				ASSETCATALOG_COMPILER_GLOBAL_ACCENT_COLOR_NAME = AccentColor;
				CODE_SIGN_ENTITLEMENTS = "every website/every_website.entitlements";
				CODE_SIGN_STYLE = Automatic;
				COMBINE_HIDPI_IMAGES = YES;
				INFOPLIST_FILE = "every website/Info.plist";
				LD_RUNPATH_SEARCH_PATHS = (
					"$(inherited)",
					"@executable_path/../Frameworks",
				);
				MACOSX_DEPLOYMENT_TARGET = 10.14;
				PRODUCT_BUNDLE_IDENTIFIER = "com.yourCompany.every-website";
				PRODUCT_NAME = "$(TARGET_NAME)";
				SWIFT_VERSION = 5.0;
			};
			name = Release;
		};
/* End XCBuildConfiguration section */

/* Begin XCConfigurationList section */
		CCC1BFBA26364F92009C9DC8 /* Build configuration list for PBXProject "every website" */ = {
			isa = XCConfigurationList;
			buildConfigurations = (
				CCC1BFDD26364F94009C9DC8 /* Debug */,
				CCC1BFDE26364F94009C9DC8 /* Release */,
			);
			defaultConfigurationIsVisible = 0;
			defaultConfigurationName = Release;
		};
		CCC1BFDF26364F94009C9DC8 /* Build configuration list for PBXNativeTarget "every website Extension" */ = {
			isa = XCConfigurationList;
			buildConfigurations = (
				CCC1BFE026364F94009C9DC8 /* Debug */,
				CCC1BFE126364F94009C9DC8 /* Release */,
			);
			defaultConfigurationIsVisible = 0;
			defaultConfigurationName = Release;
		};
		CCC1BFE326364F94009C9DC8 /* Build configuration list for PBXNativeTarget "every website" */ = {
			isa = XCConfigurationList;
			buildConfigurations = (
				CCC1BFE426364F94009C9DC8 /* Debug */,
				CCC1BFE526364F94009C9DC8 /* Release */,
			);
			defaultConfigurationIsVisible = 0;
			defaultConfigurationName = Release;
		};
/* End XCConfigurationList section */
	};
	rootObject = CCC1BFB726364F92009C9DC8 /* Project object */;
}
